<Solution>
  <Folder Name="/Others/">
    <Project Path="AF.ReasoningControl/AF.ReasoningControl.csproj" />
    <Project Path="AF.StructuredOutput/AF.StructuredOutput.csproj" />
  </Folder>
  <Folder Name="/PersistenceConversations/">
    <Project Path="AF.PersistentConversationAgent/AF.PersistentConversationAgent.csproj" />
  </Folder>
  <Folder Name="/SettingsAndConfiguration/">
    <File Path="MultiProvide-ProductionReady-Setup.md" />
    <Project Path="AF.BlazorServerDI/AF.BlazorServerDI.csproj" />
  </Folder>
  <Folder Name="/TokenUsage/">
    <Project Path="AF.TokenUsage/AF.TokenUsage.csproj" />
  </Folder>
  <Folder Name="/ToolCalling/">
    <Project Path="AF.ToolCalling.Advance/AF.ToolCalling.Advance.csproj" />
    <Project Path="AF.ToolCalling.Basics/AF.ToolCalling.Basics.csproj" />
    <Project Path="AF.ToolCalling.FromMcpServer/AF.ToolCalling.FromMcpServer.csproj" />
  </Folder>
  <Folder Name="/ZeroToFirstAgent/">
    <Project Path="AF.ZeroToFirstAgent.AzueAIFoundry/AF.ZeroToFirstAgent.AzueAIFoundry.csproj" />
    <Project Path="AF.ZeroToFirstAgent.OpenAI/AF.ZeroToFirstAgent.OpenAI.csproj" />
    <Project Path="AF.ZeroToFirstAgent/AF.ZeroToFirstAgent.AzureOpenAI.csproj" />
  </Folder>
  <Folder Name="/ZeroToFirstAgent/Non-OpenAI-based/">
    <Project Path="AF.ZeroToFirstAgent.AnthropicClaude/AF.ZeroToFirstAgent.AnthropicClaude.csproj" />
    <Project Path="ZeroToFirstAgent.GoogleGemini/AF.ZeroToFirstAgent.GoogleGemini.csproj" />
  </Folder>
  <Folder Name="/ZeroToFirstAgent/Non-OpenAI-based/Offline/">
    <Project Path="AF.ZeroToFirstAgent.Olama/AF.ZeroToFirstAgent.Olama.csproj" />
  </Folder>
  <Project Path="AF.Shared/AF.Shared.csproj" />
  <Project Path="AFExperiments/AFExperiments.csproj" />
</Solution>
